<?xml version="1.0" encoding="utf-8"?>
<Project ToolsVersion="16.0" xmlns="http://schemas.microsoft.com/developer/msbuild/2003">
  <ItemGroup>
    <ClCompile Include="C:\rep\sclap\tests\lib\googletest\googletest\src\gtest_main.cc">
      <Filter>Source Files</Filter>
    </ClCompile>
  </ItemGroup>
  <ItemGroup>
    <CustomBuild Include="C:\rep\sclap\tests\lib\googletest\googletest\CMakeLists.txt" />
  </ItemGroup>
  <ItemGroup>
    <Filter Include="Source Files">
      <UniqueIdentifier>{68B2CB3B-2F93-35B8-8C95-2D9723C72BCC}</UniqueIdentifier>
    </Filter>
  </ItemGroup>
</Project>
